
Microsoft Visual Studio Solution File, Format Version 12.00
# Visual Studio Version 17
VisualStudioVersion = 17.5.002.0
MinimumVisualStudioVersion = 10.0.40219.1
Project("{9A19103F-16F7-4668-BE54-9A1E7A4F7556}") = "Backend", "Backend.csproj", "{58774301-1288-40C6-8A53-5BA5849A4E7E}"
EndProject
Global
	GlobalSection(SolutionConfigurationPlatforms) = preSolution
		Debug|Any CPU = Debug|Any CPU
		Release|Any CPU = Release|Any CPU
	EndGlobalSection
	GlobalSection(ProjectConfigurationPlatforms) = postSolution
		{58774301-1288-40C6-8A53-5BA5849A4E7E}.Debug|Any CPU.ActiveCfg = Debug|Any CPU
		{58774301-1288-40C6-8A53-5BA5849A4E7E}.Debug|Any CPU.Build.0 = Debug|Any CPU
		{58774301-1288-40C6-8A53-5BA5849A4E7E}.Release|Any CPU.ActiveCfg = Release|Any CPU
		{58774301-1288-40C6-8A53-5BA5849A4E7E}.Release|Any CPU.Build.0 = Release|Any CPU
	EndGlobalSection
	GlobalSection(SolutionProperties) = preSolution
		HideSolutionNode = FALSE
	EndGlobalSection
	GlobalSection(ExtensibilityGlobals) = postSolution
		SolutionGuid = {FB0034ED-C363-4564-9159-62BCCD9EF2C4}
	EndGlobalSection
EndGlobal
